
Microsoft Visual Studio Solution File, Format Version 12.00
# Visual Studio 15
VisualStudioVersion = 15.0.28307.1145
MinimumVisualStudioVersion = 10.0.40219.1
Project("{8BC9CEB8-8B4A-11D0-8D11-00A0C91BC942}") = "计网课设", "计网课设\计网课设.vcxproj", "{D030A0FB-602F-4518-AACB-41645BDC65AF}"
EndProject
Global
	GlobalSection(SolutionConfigurationPlatforms) = preSolution
		Debug|x64 = Debug|x64
		Release|x64 = Release|x64
	EndGlobalSection
	GlobalSection(ProjectConfigurationPlatforms) = postSolution
		{D030A0FB-602F-4518-AACB-41645BDC65AF}.Debug|x64.ActiveCfg = Debug|x64
		{D030A0FB-602F-4518-AACB-41645BDC65AF}.Debug|x64.Build.0 = Debug|x64
		{D030A0FB-602F-4518-AACB-41645BDC65AF}.Release|x64.ActiveCfg = Release|x64
		{D030A0FB-602F-4518-AACB-41645BDC65AF}.Release|x64.Build.0 = Release|x64
	EndGlobalSection
	GlobalSection(SolutionProperties) = preSolution
		HideSolutionNode = FALSE
	EndGlobalSection
	GlobalSection(ExtensibilityGlobals) = postSolution
		SolutionGuid = {09B6B4E4-ED63-45A7-BB50-4FD684F5CD2E}
	EndGlobalSection
EndGlobal
